
Microsoft Visual Studio Solution File, Format Version 12.00
# Visual Studio Version 17
VisualStudioVersion = 17.14.36109.1 d17.14
MinimumVisualStudioVersion = 10.0.40219.1
Project("{FAE04EC0-301F-11D3-BF4B-00C04F79EFBC}") = "Body Mass Index", "Body Mass Index\Body Mass Index.csproj", "{DB89FD51-3FE8-40C4-BB92-EB75A20A9791}"
EndProject
Global
	GlobalSection(SolutionConfigurationPlatforms) = preSolution
		Debug|Any CPU = Debug|Any CPU
		Release|Any CPU = Release|Any CPU
	EndGlobalSection
	GlobalSection(ProjectConfigurationPlatforms) = postSolution
		{DB89FD51-3FE8-40C4-BB92-EB75A20A9791}.Debug|Any CPU.ActiveCfg = Debug|Any CPU
		{DB89FD51-3FE8-40C4-BB92-EB75A20A9791}.Debug|Any CPU.Build.0 = Debug|Any CPU
		{DB89FD51-3FE8-40C4-BB92-EB75A20A9791}.Release|Any CPU.ActiveCfg = Release|Any CPU
		{DB89FD51-3FE8-40C4-BB92-EB75A20A9791}.Release|Any CPU.Build.0 = Release|Any CPU
	EndGlobalSection
	GlobalSection(SolutionProperties) = preSolution
		HideSolutionNode = FALSE
	EndGlobalSection
	GlobalSection(ExtensibilityGlobals) = postSolution
		SolutionGuid = {94D3151A-1384-4E03-8904-8A4FA7A06DE5}
	EndGlobalSection
EndGlobal
